# generated by rye
# use `rye lock` or `rye sync` to update this lockfile
#
# last locked with the following flags:
#   pre: false
#   features: []
#   all-features: false
#   with-sources: false

asgiref==3.8.1
    # via django
autopep8==2.1.0
django==5.0.4
gunicorn==22.0.0
packaging==24.0
    # via gunicorn
pycodestyle==2.11.1
    # via autopep8
sqlparse==0.5.0
    # via django
